GEM
  remote: https://rubygems.org/
  specs:
    cpf_cnpj (1.1.0)

PLATFORMS
  ruby
  x86_64-linux

DEPENDENCIES
  cpf_cnpj

CHECKSUMS
  bundler (4.0.17) sha256=214e21431b5665dd2f99df8a5511c6b151d7a72e8015c8b38f8b775b61cbb6c1
  cpf_cnpj (1.1.0) sha256=42fb902045b61819160555d5c7b47a951a39fc9d6a1c995909e3360d6ef7857b

BUNDLED WITH
  4.0.17
